
Microsoft Visual Studio Solution File, Format Version 12.00
# Visual Studio 14
VisualStudioVersion = 14.0.25123.0
MinimumVisualStudioVersion = 10.0.40219.1
Project("{0F64CE83-6C99-446B-AE6A-85EF76EEE2B0}") = "Sitecore.Support.13657", "Sitecore.Support.13657\Sitecore.Support.13657.csproj", "{9849A38C-99CF-40B0-B551-4DBC105FE00C}"
EndProject
Global
	GlobalSection(SolutionConfigurationPlatforms) = preSolution
		Debug|Any CPU = Debug|Any CPU
		Release|Any CPU = Release|Any CPU
	EndGlobalSection
	GlobalSection(ProjectConfigurationPlatforms) = postSolution
		{9849A38C-99CF-40B0-B551-4DBC105FE00C}.Debug|Any CPU.ActiveCfg = Debug|Any CPU
		{9849A38C-99CF-40B0-B551-4DBC105FE00C}.Debug|Any CPU.Build.0 = Debug|Any CPU
		{9849A38C-99CF-40B0-B551-4DBC105FE00C}.Release|Any CPU.ActiveCfg = Release|Any CPU
		{9849A38C-99CF-40B0-B551-4DBC105FE00C}.Release|Any CPU.Build.0 = Release|Any CPU
	EndGlobalSection
	GlobalSection(SolutionProperties) = preSolution
		HideSolutionNode = FALSE
	EndGlobalSection
EndGlobal
